
Microsoft Visual Studio Solution File, Format Version 12.00
# Visual Studio Version 17
VisualStudioVersion = 17.7.34024.191
MinimumVisualStudioVersion = 10.0.40219.1
Project("{FAE04EC0-301F-11D3-BF4B-00C04F79EFBC}") = "NotasAluno", "NotasAluno.csproj", "{E3A03D78-F2C2-4728-A06C-8616EE8624BD}"
EndProject
Global
	GlobalSection(SolutionConfigurationPlatforms) = preSolution
		Debug|Any CPU = Debug|Any CPU
		Release|Any CPU = Release|Any CPU
	EndGlobalSection
	GlobalSection(ProjectConfigurationPlatforms) = postSolution
		{E3A03D78-F2C2-4728-A06C-8616EE8624BD}.Debug|Any CPU.ActiveCfg = Debug|Any CPU
		{E3A03D78-F2C2-4728-A06C-8616EE8624BD}.Debug|Any CPU.Build.0 = Debug|Any CPU
		{E3A03D78-F2C2-4728-A06C-8616EE8624BD}.Release|Any CPU.ActiveCfg = Release|Any CPU
		{E3A03D78-F2C2-4728-A06C-8616EE8624BD}.Release|Any CPU.Build.0 = Release|Any CPU
	EndGlobalSection
	GlobalSection(SolutionProperties) = preSolution
		HideSolutionNode = FALSE
	EndGlobalSection
	GlobalSection(ExtensibilityGlobals) = postSolution
		SolutionGuid = {5E596F21-70E9-46AD-AFF1-32F236C3A9B1}
	EndGlobalSection
EndGlobal
