
Microsoft Visual Studio Solution File, Format Version 12.00
# Visual Studio Version 17
VisualStudioVersion = 17.5.33414.496
MinimumVisualStudioVersion = 10.0.40219.1
Project("{FAE04EC0-301F-11D3-BF4B-00C04F79EFBC}") = "Entrada-Dados", "Entrada-Dados\Entrada-Dados.csproj", "{B4C06DFA-4674-484D-9937-7E81CE73A4C4}"
EndProject
Global
	GlobalSection(SolutionConfigurationPlatforms) = preSolution
		Debug|Any CPU = Debug|Any CPU
		Release|Any CPU = Release|Any CPU
	EndGlobalSection
	GlobalSection(ProjectConfigurationPlatforms) = postSolution
		{B4C06DFA-4674-484D-9937-7E81CE73A4C4}.Debug|Any CPU.ActiveCfg = Debug|Any CPU
		{B4C06DFA-4674-484D-9937-7E81CE73A4C4}.Debug|Any CPU.Build.0 = Debug|Any CPU
		{B4C06DFA-4674-484D-9937-7E81CE73A4C4}.Release|Any CPU.ActiveCfg = Release|Any CPU
		{B4C06DFA-4674-484D-9937-7E81CE73A4C4}.Release|Any CPU.Build.0 = Release|Any CPU
	EndGlobalSection
	GlobalSection(SolutionProperties) = preSolution
		HideSolutionNode = FALSE
	EndGlobalSection
	GlobalSection(ExtensibilityGlobals) = postSolution
		SolutionGuid = {29FDFA91-30BF-4C76-8A95-4DF75284B5E3}
	EndGlobalSection
EndGlobal
