
Microsoft Visual Studio Solution File, Format Version 12.00
# Visual Studio Version 17
VisualStudioVersion = 17.7.34024.191
MinimumVisualStudioVersion = 10.0.40219.1
Project("{FAE04EC0-301F-11D3-BF4B-00C04F79EFBC}") = "Medidas_retangulo", "Medidas_retangulo.csproj", "{A8E52AC5-2D29-4D30-A3DD-CC7E0732F9EB}"
EndProject
Global
	GlobalSection(SolutionConfigurationPlatforms) = preSolution
		Debug|Any CPU = Debug|Any CPU
		Release|Any CPU = Release|Any CPU
	EndGlobalSection
	GlobalSection(ProjectConfigurationPlatforms) = postSolution
		{A8E52AC5-2D29-4D30-A3DD-CC7E0732F9EB}.Debug|Any CPU.ActiveCfg = Debug|Any CPU
		{A8E52AC5-2D29-4D30-A3DD-CC7E0732F9EB}.Debug|Any CPU.Build.0 = Debug|Any CPU
		{A8E52AC5-2D29-4D30-A3DD-CC7E0732F9EB}.Release|Any CPU.ActiveCfg = Release|Any CPU
		{A8E52AC5-2D29-4D30-A3DD-CC7E0732F9EB}.Release|Any CPU.Build.0 = Release|Any CPU
	EndGlobalSection
	GlobalSection(SolutionProperties) = preSolution
		HideSolutionNode = FALSE
	EndGlobalSection
	GlobalSection(ExtensibilityGlobals) = postSolution
		SolutionGuid = {1C2627B5-D806-4849-A6C0-289010F2FFDA}
	EndGlobalSection
EndGlobal
