
Microsoft Visual Studio Solution File, Format Version 12.00
# Visual Studio Version 17
VisualStudioVersion = 17.5.33414.496
MinimumVisualStudioVersion = 10.0.40219.1
Project("{FAE04EC0-301F-11D3-BF4B-00C04F79EFBC}") = "For", "For\For.csproj", "{AC75D114-BA85-4338-A518-D48035A5F288}"
EndProject
Global
	GlobalSection(SolutionConfigurationPlatforms) = preSolution
		Debug|Any CPU = Debug|Any CPU
		Release|Any CPU = Release|Any CPU
	EndGlobalSection
	GlobalSection(ProjectConfigurationPlatforms) = postSolution
		{AC75D114-BA85-4338-A518-D48035A5F288}.Debug|Any CPU.ActiveCfg = Debug|Any CPU
		{AC75D114-BA85-4338-A518-D48035A5F288}.Debug|Any CPU.Build.0 = Debug|Any CPU
		{AC75D114-BA85-4338-A518-D48035A5F288}.Release|Any CPU.ActiveCfg = Release|Any CPU
		{AC75D114-BA85-4338-A518-D48035A5F288}.Release|Any CPU.Build.0 = Release|Any CPU
	EndGlobalSection
	GlobalSection(SolutionProperties) = preSolution
		HideSolutionNode = FALSE
	EndGlobalSection
	GlobalSection(ExtensibilityGlobals) = postSolution
		SolutionGuid = {C4D50ADD-A493-44CA-972C-AE14E50FCBBD}
	EndGlobalSection
EndGlobal
